
Microsoft Visual Studio Solution File, Format Version 12.00
# Visual Studio 14
VisualStudioVersion = 14.0.25123.0
MinimumVisualStudioVersion = 10.0.40219.1
Project("{FAE04EC0-301F-11D3-BF4B-00C04F79EFBC}") = "Controller", "Controller\Controller.csproj", "{5A6D14ED-6F55-4A02-89B7-B79F2950A0CD}"
EndProject
Project("{FAE04EC0-301F-11D3-BF4B-00C04F79EFBC}") = "DataLayer", "DataLayer\DataLayer.csproj", "{BA598089-F51E-4088-8D14-FF01E34802CE}"
EndProject
Project("{FAE04EC0-301F-11D3-BF4B-00C04F79EFBC}") = "ConsumingWS-GUI", "ConsumingWS-GUI\ConsumingWS-GUI.csproj", "{7E832ED4-9503-40A9-A72D-3D35E8279B6B}"
EndProject
Global
	GlobalSection(SolutionConfigurationPlatforms) = preSolution
		Debug|Any CPU = Debug|Any CPU
		Release|Any CPU = Release|Any CPU
	EndGlobalSection
	GlobalSection(ProjectConfigurationPlatforms) = postSolution
		{5A6D14ED-6F55-4A02-89B7-B79F2950A0CD}.Debug|Any CPU.ActiveCfg = Debug|Any CPU
		{5A6D14ED-6F55-4A02-89B7-B79F2950A0CD}.Debug|Any CPU.Build.0 = Debug|Any CPU
		{5A6D14ED-6F55-4A02-89B7-B79F2950A0CD}.Release|Any CPU.ActiveCfg = Release|Any CPU
		{5A6D14ED-6F55-4A02-89B7-B79F2950A0CD}.Release|Any CPU.Build.0 = Release|Any CPU
		{BA598089-F51E-4088-8D14-FF01E34802CE}.Debug|Any CPU.ActiveCfg = Debug|Any CPU
		{BA598089-F51E-4088-8D14-FF01E34802CE}.Debug|Any CPU.Build.0 = Debug|Any CPU
		{BA598089-F51E-4088-8D14-FF01E34802CE}.Release|Any CPU.ActiveCfg = Release|Any CPU
		{BA598089-F51E-4088-8D14-FF01E34802CE}.Release|Any CPU.Build.0 = Release|Any CPU
		{7E832ED4-9503-40A9-A72D-3D35E8279B6B}.Debug|Any CPU.ActiveCfg = Debug|Any CPU
		{7E832ED4-9503-40A9-A72D-3D35E8279B6B}.Debug|Any CPU.Build.0 = Debug|Any CPU
		{7E832ED4-9503-40A9-A72D-3D35E8279B6B}.Release|Any CPU.ActiveCfg = Release|Any CPU
		{7E832ED4-9503-40A9-A72D-3D35E8279B6B}.Release|Any CPU.Build.0 = Release|Any CPU
	EndGlobalSection
	GlobalSection(SolutionProperties) = preSolution
		HideSolutionNode = FALSE
	EndGlobalSection
EndGlobal
